// !$*UTF8*$!
{
	archiveVersion = 1;
	classes = {
	};
	objectVersion = 46;
	objects = {

/* Begin PBXBuildFile section */
		BB65EBD50F601E4F26BD8CFC /* Pods_TastingRoomDelMar.framework in Frameworks */ = {isa = PBXBuildFile; fileRef = 258E486804D393986620D744 /* Pods_TastingRoomDelMar.framework */; };
		D719A6301C3F26D500987525 /* TierNavigationController.swift in Sources */ = {isa = PBXBuildFile; fileRef = D719A62F1C3F26D500987525 /* TierNavigationController.swift */; };
		D729AB831C471FF90021A66E /* TierIVCollectionViewCell.swift in Sources */ = {isa = PBXBuildFile; fileRef = D729AB821C471FF90021A66E /* TierIVCollectionViewCell.swift */; };
		D729AB851C4736570021A66E /* TierIVTableViewController.swift in Sources */ = {isa = PBXBuildFile; fileRef = D729AB841C4736570021A66E /* TierIVTableViewController.swift */; };
		D72B2A4E1C49728C0090875F /* RawPopoverViewController.swift in Sources */ = {isa = PBXBuildFile; fileRef = D72B2A4D1C49728C0090875F /* RawPopoverViewController.swift */; };
		D73398E21C8A771400CD4B48 /* LandingPageUITests.swift in Sources */ = {isa = PBXBuildFile; fileRef = D73398E11C8A771400CD4B48 /* LandingPageUITests.swift */; };
		D733D45E1C69528500682A84 /* PaymentViewController.swift in Sources */ = {isa = PBXBuildFile; fileRef = D733D45D1C69528500682A84 /* PaymentViewController.swift */; };
		D733D4601C69533A00682A84 /* PaymentCardTableViewCell.swift in Sources */ = {isa = PBXBuildFile; fileRef = D733D45F1C69533A00682A84 /* PaymentCardTableViewCell.swift */; };
		D733D4621C69534400682A84 /* PaymentAddCardTableViewCell.swift in Sources */ = {isa = PBXBuildFile; fileRef = D733D4611C69534400682A84 /* PaymentAddCardTableViewCell.swift */; };
		D733D4641C69555700682A84 /* PaymentTableViewController.swift in Sources */ = {isa = PBXBuildFile; fileRef = D733D4631C69555700682A84 /* PaymentTableViewController.swift */; };
		D733D4661C69598F00682A84 /* CardManager.swift in Sources */ = {isa = PBXBuildFile; fileRef = D733D4651C69598F00682A84 /* CardManager.swift */; };
		D733D4681C69746C00682A84 /* PaymentAddViewController.swift in Sources */ = {isa = PBXBuildFile; fileRef = D733D4671C69746C00682A84 /* PaymentAddViewController.swift */; };
		D73620401C65143400DD7F71 /* TabLineItemCollectionViewCell.swift in Sources */ = {isa = PBXBuildFile; fileRef = D736203F1C65143400DD7F71 /* TabLineItemCollectionViewCell.swift */; };
		D73620421C651BE800DD7F71 /* TabLineItemServingCollectionViewCell.swift in Sources */ = {isa = PBXBuildFile; fileRef = D73620411C651BE800DD7F71 /* TabLineItemServingCollectionViewCell.swift */; };
		D736DADD1C73906800751307 /* TableNumberViewController.swift in Sources */ = {isa = PBXBuildFile; fileRef = D736DADC1C73906800751307 /* TableNumberViewController.swift */; };
		D736DADF1C73907A00751307 /* AddGratuityViewController.swift in Sources */ = {isa = PBXBuildFile; fileRef = D736DADE1C73907A00751307 /* AddGratuityViewController.swift */; };
		D736DAE11C73DACE00751307 /* AddGratuityCollectionViewCell.swift in Sources */ = {isa = PBXBuildFile; fileRef = D736DAE01C73DACE00751307 /* AddGratuityCollectionViewCell.swift */; };
		D7498AB21C7F1A8C0086B7BD /* AnimationManager.swift in Sources */ = {isa = PBXBuildFile; fileRef = D7498AB11C7F1A8C0086B7BD /* AnimationManager.swift */; };
		D74B1C4A1C583260008F5A36 /* PopoverMGCollectionViewCell.swift in Sources */ = {isa = PBXBuildFile; fileRef = D74B1C491C583260008F5A36 /* PopoverMGCollectionViewCell.swift */; };
		D74B1C4C1C5832E6008F5A36 /* PopoverQuantityCollectionViewCell.swift in Sources */ = {isa = PBXBuildFile; fileRef = D74B1C4B1C5832E6008F5A36 /* PopoverQuantityCollectionViewCell.swift */; };
		D74B1C4E1C58339E008F5A36 /* PopoverActionCollectionViewCell.swift in Sources */ = {isa = PBXBuildFile; fileRef = D74B1C4D1C58339E008F5A36 /* PopoverActionCollectionViewCell.swift */; };
		D75AA4281C6062D200D5139B /* Structures.swift in Sources */ = {isa = PBXBuildFile; fileRef = D75AA4271C6062D200D5139B /* Structures.swift */; };
		D75ABF1E1C48306A00435CF1 /* TierIVTableViewCell.swift in Sources */ = {isa = PBXBuildFile; fileRef = D75ABF1D1C48306A00435CF1 /* TierIVTableViewCell.swift */; };
		D765FD381C7E60F400F68389 /* SettingsStoryboard.storyboard in Resources */ = {isa = PBXBuildFile; fileRef = D765FD371C7E60F400F68389 /* SettingsStoryboard.storyboard */; };
		D77013911C6C20C900CEB886 /* SettingsTableViewController.swift in Sources */ = {isa = PBXBuildFile; fileRef = D77013901C6C20C900CEB886 /* SettingsTableViewController.swift */; };
		D7734AF51C45C1D9009286DD /* TierITableViewController.swift in Sources */ = {isa = PBXBuildFile; fileRef = D7734AF41C45C1D9009286DD /* TierITableViewController.swift */; };
		D7734AF71C45D4B3009286DD /* TierIITableViewController.swift in Sources */ = {isa = PBXBuildFile; fileRef = D7734AF61C45D4B3009286DD /* TierIITableViewController.swift */; };
		D7734AFD1C45D87F009286DD /* TierIVViewController.swift in Sources */ = {isa = PBXBuildFile; fileRef = D7734AFC1C45D87F009286DD /* TierIVViewController.swift */; };
		D775CDCF1C6D0917006A3F29 /* SettingsLabelTableViewCell.swift in Sources */ = {isa = PBXBuildFile; fileRef = D775CDCE1C6D0917006A3F29 /* SettingsLabelTableViewCell.swift */; };
		D775CDD11C6D0921006A3F29 /* SettingsSwitchTableViewCell.swift in Sources */ = {isa = PBXBuildFile; fileRef = D775CDD01C6D0921006A3F29 /* SettingsSwitchTableViewCell.swift */; };
		D775CDD31C6D0E4D006A3F29 /* SettingsHeaderTableViewCell.swift in Sources */ = {isa = PBXBuildFile; fileRef = D775CDD21C6D0E4D006A3F29 /* SettingsHeaderTableViewCell.swift */; };
		D775CDD71C6D3D00006A3F29 /* SettingsFooterTableViewCell.swift in Sources */ = {isa = PBXBuildFile; fileRef = D775CDD61C6D3D00006A3F29 /* SettingsFooterTableViewCell.swift */; };
		D775CDD91C6D4AAC006A3F29 /* SettingsEditViewController.swift in Sources */ = {isa = PBXBuildFile; fileRef = D775CDD81C6D4AAC006A3F29 /* SettingsEditViewController.swift */; };
		D775CDDB1C6D4ABA006A3F29 /* SettingsTextViewController.swift in Sources */ = {isa = PBXBuildFile; fileRef = D775CDDA1C6D4ABA006A3F29 /* SettingsTextViewController.swift */; };
		D775CDDD1C6D4AC7006A3F29 /* SettingsEditTableViewController.swift in Sources */ = {isa = PBXBuildFile; fileRef = D775CDDC1C6D4AC7006A3F29 /* SettingsEditTableViewController.swift */; };
		D78594941C7BF141000972FB /* SignupSceneOneViewController.swift in Sources */ = {isa = PBXBuildFile; fileRef = D78594931C7BF141000972FB /* SignupSceneOneViewController.swift */; };
		D78594961C7BF164000972FB /* SignupSceneOneTableViewController.swift in Sources */ = {isa = PBXBuildFile; fileRef = D78594951C7BF164000972FB /* SignupSceneOneTableViewController.swift */; };
		D786D1C01C7D57F70034EA81 /* SignupSceneTwoViewController.swift in Sources */ = {isa = PBXBuildFile; fileRef = D786D1BF1C7D57F70034EA81 /* SignupSceneTwoViewController.swift */; };
		D786D1C21C7D580D0034EA81 /* SignupSceneTwoTableViewController.swift in Sources */ = {isa = PBXBuildFile; fileRef = D786D1C11C7D580D0034EA81 /* SignupSceneTwoTableViewController.swift */; };
		D7A8AC041C4D9469008D9A90 /* PopoverTableViewCell.swift in Sources */ = {isa = PBXBuildFile; fileRef = D7A8AC031C4D9469008D9A90 /* PopoverTableViewCell.swift */; };
		D7A8AC081C4D9626008D9A90 /* PopoverViewController.swift in Sources */ = {isa = PBXBuildFile; fileRef = D7A8AC071C4D9626008D9A90 /* PopoverViewController.swift */; };
		D7A8AC0A1C4DB600008D9A90 /* TierIIITableViewController.swift in Sources */ = {isa = PBXBuildFile; fileRef = D7A8AC091C4DB600008D9A90 /* TierIIITableViewController.swift */; };
		D7B616841C62D7C3002CF1DE /* TabViewController.swift in Sources */ = {isa = PBXBuildFile; fileRef = D7B616831C62D7C3002CF1DE /* TabViewController.swift */; };
		D7B616861C62D7DB002CF1DE /* TabTableViewController.swift in Sources */ = {isa = PBXBuildFile; fileRef = D7B616851C62D7DB002CF1DE /* TabTableViewController.swift */; };
		D7B616881C62DCE0002CF1DE /* TabLineItemTableViewCell.swift in Sources */ = {isa = PBXBuildFile; fileRef = D7B616871C62DCE0002CF1DE /* TabLineItemTableViewCell.swift */; };
		D7B6168A1C62DCEF002CF1DE /* TabTotalTableViewCell.swift in Sources */ = {isa = PBXBuildFile; fileRef = D7B616891C62DCEF002CF1DE /* TabTotalTableViewCell.swift */; };
		D7B6168C1C62DCFA002CF1DE /* TabActionTableViewCell.swift in Sources */ = {isa = PBXBuildFile; fileRef = D7B6168B1C62DCFA002CF1DE /* TabActionTableViewCell.swift */; };
		D7B6168F1C62E340002CF1DE /* Main.storyboard in Resources */ = {isa = PBXBuildFile; fileRef = D7B6168D1C62E340002CF1DE /* Main.storyboard */; };
		D7C1E0321C5A92B300143C48 /* Fontfabric - Nexa Rust Script L 00.otf in Resources */ = {isa = PBXBuildFile; fileRef = D7C1E0301C5A920E00143C48 /* Fontfabric - Nexa Rust Script L 00.otf */; };
		D7C1E0341C5A950000143C48 /* secondary-logomark-03_rgb_600_600.png in Resources */ = {isa = PBXBuildFile; fileRef = D7C1E0331C5A950000143C48 /* secondary-logomark-03_rgb_600_600.png */; };
		D7C1E0371C5A951300143C48 /* primary-logomark-02_rgb_600_600.png in Resources */ = {isa = PBXBuildFile; fileRef = D7C1E0351C5A951300143C48 /* primary-logomark-02_rgb_600_600.png */; };
		D7C1E0381C5A951300143C48 /* primary-logomark-front-04_rgb_600_600.png in Resources */ = {isa = PBXBuildFile; fileRef = D7C1E0361C5A951300143C48 /* primary-logomark-front-04_rgb_600_600.png */; };
		D7C1E03A1C5A952000143C48 /* primary-logotype-05_rgb_600_600.png in Resources */ = {isa = PBXBuildFile; fileRef = D7C1E0391C5A952000143C48 /* primary-logotype-05_rgb_600_600.png */; };
		D7C1E03C1C5A958100143C48 /* Typographic-deconstructed_rgb_600_120.png in Resources */ = {isa = PBXBuildFile; fileRef = D7C1E03B1C5A958100143C48 /* Typographic-deconstructed_rgb_600_120.png */; };
		D7C1E03E1C5A960600143C48 /* secondary-logomark-white_rgb_600_600.png in Resources */ = {isa = PBXBuildFile; fileRef = D7C1E03D1C5A960600143C48 /* secondary-logomark-white_rgb_600_600.png */; };
		D7C1E0411C5AB86800143C48 /* OpenSans-Regular.ttf in Resources */ = {isa = PBXBuildFile; fileRef = D7C1E03F1C5AB75100143C48 /* OpenSans-Regular.ttf */; };
		D7C1E0421C5AB86E00143C48 /* BebasNeue Regular.otf in Resources */ = {isa = PBXBuildFile; fileRef = D7C1E0401C5AB76E00143C48 /* BebasNeue Regular.otf */; };
		D7C1E0441C5AE3F000143C48 /* TabManager.swift in Sources */ = {isa = PBXBuildFile; fileRef = D7C1E0431C5AE3F000143C48 /* TabManager.swift */; };
		D7C448C31C641C0400CD12F8 /* TabHeaderTableViewCell.swift in Sources */ = {isa = PBXBuildFile; fileRef = D7C448C21C641C0400CD12F8 /* TabHeaderTableViewCell.swift */; };
		D7D809951C7BCE1D00A3F5E6 /* SignupStoryboard.storyboard in Resources */ = {isa = PBXBuildFile; fileRef = D7D809941C7BCE1D00A3F5E6 /* SignupStoryboard.storyboard */; };
		D7D809971C7BCE5000A3F5E6 /* LandingViewController.swift in Sources */ = {isa = PBXBuildFile; fileRef = D7D809961C7BCE5000A3F5E6 /* LandingViewController.swift */; };
		D7D8099A1C7BCF3F00A3F5E6 /* AlertManager.swift in Sources */ = {isa = PBXBuildFile; fileRef = D7D809991C7BCF3F00A3F5E6 /* AlertManager.swift */; };
		D7D8099C1C7BCF6300A3F5E6 /* ActivityManager.swift in Sources */ = {isa = PBXBuildFile; fileRef = D7D8099B1C7BCF6300A3F5E6 /* ActivityManager.swift */; };
		D7D8099E1C7BCFBA00A3F5E6 /* AccountManager.swift in Sources */ = {isa = PBXBuildFile; fileRef = D7D8099D1C7BCFBA00A3F5E6 /* AccountManager.swift */; };
		D7D809A01C7BDD9300A3F5E6 /* TiersStoryboard.storyboard in Resources */ = {isa = PBXBuildFile; fileRef = D7D8099F1C7BDD9300A3F5E6 /* TiersStoryboard.storyboard */; };
		D7E803951C56E140003C12D9 /* PopoverDetailsTableViewCell.swift in Sources */ = {isa = PBXBuildFile; fileRef = D7E803941C56E140003C12D9 /* PopoverDetailsTableViewCell.swift */; };
		D7E803971C56E152003C12D9 /* PopoverMGTableViewCell.swift in Sources */ = {isa = PBXBuildFile; fileRef = D7E803961C56E152003C12D9 /* PopoverMGTableViewCell.swift */; };
		D7E803991C56E169003C12D9 /* PopoverQuantityTableViewCell.swift in Sources */ = {isa = PBXBuildFile; fileRef = D7E803981C56E169003C12D9 /* PopoverQuantityTableViewCell.swift */; };
		D7E8039B1C56E17B003C12D9 /* PopoverActionTableViewCell.swift in Sources */ = {isa = PBXBuildFile; fileRef = D7E8039A1C56E17B003C12D9 /* PopoverActionTableViewCell.swift */; };
		D7F981101C44612800200639 /* ENSideMenuControllerViewController.swift in Sources */ = {isa = PBXBuildFile; fileRef = D7F9810F1C44612800200639 /* ENSideMenuControllerViewController.swift */; };
		D7F981121C4461A300200639 /* ENSideMenuNavigationController.swift in Sources */ = {isa = PBXBuildFile; fileRef = D7F981111C4461A300200639 /* ENSideMenuNavigationController.swift */; };
		D7F981141C4461FD00200639 /* MenuTableViewController.swift in Sources */ = {isa = PBXBuildFile; fileRef = D7F981131C4461FD00200639 /* MenuTableViewController.swift */; };
		D7FACCFB1C46F1EF0006F6BE /* TierIVCollectionViewController.swift in Sources */ = {isa = PBXBuildFile; fileRef = D7FACCFA1C46F1EF0006F6BE /* TierIVCollectionViewController.swift */; };
		D7FC44B41C7E9F06003482B9 /* PaymentStoryboard.storyboard in Resources */ = {isa = PBXBuildFile; fileRef = D7FC44B31C7E9F06003482B9 /* PaymentStoryboard.storyboard */; };
		D7FC44B71C7EA162003482B9 /* TabStoryboard.storyboard in Resources */ = {isa = PBXBuildFile; fileRef = D7FC44B61C7EA162003482B9 /* TabStoryboard.storyboard */; };
		D7FFF7B11C3AFB0600020D9A /* AppDelegate.swift in Sources */ = {isa = PBXBuildFile; fileRef = D7FFF7B01C3AFB0600020D9A /* AppDelegate.swift */; };
		D7FFF7B81C3AFB0600020D9A /* Assets.xcassets in Resources */ = {isa = PBXBuildFile; fileRef = D7FFF7B71C3AFB0600020D9A /* Assets.xcassets */; };
		D7FFF7BB1C3AFB0600020D9A /* LaunchScreen.storyboard in Resources */ = {isa = PBXBuildFile; fileRef = D7FFF7B91C3AFB0600020D9A /* LaunchScreen.storyboard */; };
		D7FFF7C61C3AFB0600020D9A /* TastingRoomDelMarTests.swift in Sources */ = {isa = PBXBuildFile; fileRef = D7FFF7C51C3AFB0600020D9A /* TastingRoomDelMarTests.swift */; };
		D7FFF7D11C3AFB0600020D9A /* TastingRoomDelMarUITests.swift in Sources */ = {isa = PBXBuildFile; fileRef = D7FFF7D01C3AFB0600020D9A /* TastingRoomDelMarUITests.swift */; };
/* End PBXBuildFile section */

/* Begin PBXContainerItemProxy section */
		D7FFF7C21C3AFB0600020D9A /* PBXContainerItemProxy */ = {
			isa = PBXContainerItemProxy;
			containerPortal = D7FFF7A51C3AFB0600020D9A /* Project object */;
			proxyType = 1;
			remoteGlobalIDString = D7FFF7AC1C3AFB0600020D9A;
			remoteInfo = TastingRoomDelMar;
		};
		D7FFF7CD1C3AFB0600020D9A /* PBXContainerItemProxy */ = {
			isa = PBXContainerItemProxy;
			containerPortal = D7FFF7A51C3AFB0600020D9A /* Project object */;
			proxyType = 1;
			remoteGlobalIDString = D7FFF7AC1C3AFB0600020D9A;
			remoteInfo = TastingRoomDelMar;
		};
/* End PBXContainerItemProxy section */

/* Begin PBXFileReference section */
		04B86A7B2DE721FB50D137DB /* Pods-TastingRoomDelMar.release.xcconfig */ = {isa = PBXFileReference; includeInIndex = 1; lastKnownFileType = text.xcconfig; name = "Pods-TastingRoomDelMar.release.xcconfig"; path = "Pods/Target Support Files/Pods-TastingRoomDelMar/Pods-TastingRoomDelMar.release.xcconfig"; sourceTree = "<group>"; };
		258E486804D393986620D744 /* Pods_TastingRoomDelMar.framework */ = {isa = PBXFileReference; explicitFileType = wrapper.framework; includeInIndex = 0; path = Pods_TastingRoomDelMar.framework; sourceTree = BUILT_PRODUCTS_DIR; };
		D53F1940B0ECFC354F949DF6 /* Pods-TastingRoomDelMar.debug.xcconfig */ = {isa = PBXFileReference; includeInIndex = 1; lastKnownFileType = text.xcconfig; name = "Pods-TastingRoomDelMar.debug.xcconfig"; path = "Pods/Target Support Files/Pods-TastingRoomDelMar/Pods-TastingRoomDelMar.debug.xcconfig"; sourceTree = "<group>"; };
		D719A62F1C3F26D500987525 /* TierNavigationController.swift */ = {isa = PBXFileReference; fileEncoding = 4; lastKnownFileType = sourcecode.swift; path = TierNavigationController.swift; sourceTree = "<group>"; };
		D729AB821C471FF90021A66E /* TierIVCollectionViewCell.swift */ = {isa = PBXFileReference; fileEncoding = 4; lastKnownFileType = sourcecode.swift; path = TierIVCollectionViewCell.swift; sourceTree = "<group>"; };
		D729AB841C4736570021A66E /* TierIVTableViewController.swift */ = {isa = PBXFileReference; fileEncoding = 4; lastKnownFileType = sourcecode.swift; path = TierIVTableViewController.swift; sourceTree = "<group>"; };
		D72B2A4D1C49728C0090875F /* RawPopoverViewController.swift */ = {isa = PBXFileReference; fileEncoding = 4; lastKnownFileType = sourcecode.swift; path = RawPopoverViewController.swift; sourceTree = "<group>"; };
		D73398DD1C8A5F5100CD4B48 /* MyPlayground.playground */ = {isa = PBXFileReference; lastKnownFileType = file.playground; path = MyPlayground.playground; sourceTree = "<group>"; };
		D73398E11C8A771400CD4B48 /* LandingPageUITests.swift */ = {isa = PBXFileReference; fileEncoding = 4; lastKnownFileType = sourcecode.swift; path = LandingPageUITests.swift; sourceTree = "<group>"; };
		D733D45D1C69528500682A84 /* PaymentViewController.swift */ = {isa = PBXFileReference; fileEncoding = 4; lastKnownFileType = sourcecode.swift; path = PaymentViewController.swift; sourceTree = "<group>"; };
		D733D45F1C69533A00682A84 /* PaymentCardTableViewCell.swift */ = {isa = PBXFileReference; fileEncoding = 4; lastKnownFileType = sourcecode.swift; path = PaymentCardTableViewCell.swift; sourceTree = "<group>"; };
		D733D4611C69534400682A84 /* PaymentAddCardTableViewCell.swift */ = {isa = PBXFileReference; fileEncoding = 4; lastKnownFileType = sourcecode.swift; path = PaymentAddCardTableViewCell.swift; sourceTree = "<group>"; };
		D733D4631C69555700682A84 /* PaymentTableViewController.swift */ = {isa = PBXFileReference; fileEncoding = 4; lastKnownFileType = sourcecode.swift; path = PaymentTableViewController.swift; sourceTree = "<group>"; };
		D733D4651C69598F00682A84 /* CardManager.swift */ = {isa = PBXFileReference; fileEncoding = 4; lastKnownFileType = sourcecode.swift; path = CardManager.swift; sourceTree = "<group>"; };
		D733D4671C69746C00682A84 /* PaymentAddViewController.swift */ = {isa = PBXFileReference; fileEncoding = 4; lastKnownFileType = sourcecode.swift; path = PaymentAddViewController.swift; sourceTree = "<group>"; };
		D736203F1C65143400DD7F71 /* TabLineItemCollectionViewCell.swift */ = {isa = PBXFileReference; fileEncoding = 4; lastKnownFileType = sourcecode.swift; path = TabLineItemCollectionViewCell.swift; sourceTree = "<group>"; };
		D73620411C651BE800DD7F71 /* TabLineItemServingCollectionViewCell.swift */ = {isa = PBXFileReference; fileEncoding = 4; lastKnownFileType = sourcecode.swift; path = TabLineItemServingCollectionViewCell.swift; sourceTree = "<group>"; };
		D736DADB1C72D70C00751307 /* secondary-logomark-03_rgb.eps */ = {isa = PBXFileReference; lastKnownFileType = file; path = "secondary-logomark-03_rgb.eps"; sourceTree = "<group>"; };
		D736DADC1C73906800751307 /* TableNumberViewController.swift */ = {isa = PBXFileReference; fileEncoding = 4; lastKnownFileType = sourcecode.swift; path = TableNumberViewController.swift; sourceTree = "<group>"; };
		D736DADE1C73907A00751307 /* AddGratuityViewController.swift */ = {isa = PBXFileReference; fileEncoding = 4; lastKnownFileType = sourcecode.swift; path = AddGratuityViewController.swift; sourceTree = "<group>"; };
		D736DAE01C73DACE00751307 /* AddGratuityCollectionViewCell.swift */ = {isa = PBXFileReference; fileEncoding = 4; lastKnownFileType = sourcecode.swift; path = AddGratuityCollectionViewCell.swift; sourceTree = "<group>"; };
		D7498AB11C7F1A8C0086B7BD /* AnimationManager.swift */ = {isa = PBXFileReference; fileEncoding = 4; lastKnownFileType = sourcecode.swift; path = AnimationManager.swift; sourceTree = "<group>"; };
		D74B1C491C583260008F5A36 /* PopoverMGCollectionViewCell.swift */ = {isa = PBXFileReference; fileEncoding = 4; lastKnownFileType = sourcecode.swift; path = PopoverMGCollectionViewCell.swift; sourceTree = "<group>"; };
		D74B1C4B1C5832E6008F5A36 /* PopoverQuantityCollectionViewCell.swift */ = {isa = PBXFileReference; fileEncoding = 4; lastKnownFileType = sourcecode.swift; path = PopoverQuantityCollectionViewCell.swift; sourceTree = "<group>"; };
		D74B1C4D1C58339E008F5A36 /* PopoverActionCollectionViewCell.swift */ = {isa = PBXFileReference; fileEncoding = 4; lastKnownFileType = sourcecode.swift; path = PopoverActionCollectionViewCell.swift; sourceTree = "<group>"; };
		D75AA4271C6062D200D5139B /* Structures.swift */ = {isa = PBXFileReference; fileEncoding = 4; lastKnownFileType = sourcecode.swift; path = Structures.swift; sourceTree = "<group>"; };
		D75ABF1D1C48306A00435CF1 /* TierIVTableViewCell.swift */ = {isa = PBXFileReference; fileEncoding = 4; lastKnownFileType = sourcecode.swift; path = TierIVTableViewCell.swift; sourceTree = "<group>"; };
		D765FD371C7E60F400F68389 /* SettingsStoryboard.storyboard */ = {isa = PBXFileReference; fileEncoding = 4; lastKnownFileType = file.storyboard; path = SettingsStoryboard.storyboard; sourceTree = "<group>"; };
		D77013901C6C20C900CEB886 /* SettingsTableViewController.swift */ = {isa = PBXFileReference; fileEncoding = 4; lastKnownFileType = sourcecode.swift; path = SettingsTableViewController.swift; sourceTree = "<group>"; };
		D7734AF41C45C1D9009286DD /* TierITableViewController.swift */ = {isa = PBXFileReference; fileEncoding = 4; lastKnownFileType = sourcecode.swift; path = TierITableViewController.swift; sourceTree = "<group>"; };
		D7734AF61C45D4B3009286DD /* TierIITableViewController.swift */ = {isa = PBXFileReference; fileEncoding = 4; lastKnownFileType = sourcecode.swift; path = TierIITableViewController.swift; sourceTree = "<group>"; };
		D7734AFC1C45D87F009286DD /* TierIVViewController.swift */ = {isa = PBXFileReference; fileEncoding = 4; lastKnownFileType = sourcecode.swift; path = TierIVViewController.swift; sourceTree = "<group>"; };
		D775CDCE1C6D0917006A3F29 /* SettingsLabelTableViewCell.swift */ = {isa = PBXFileReference; fileEncoding = 4; lastKnownFileType = sourcecode.swift; path = SettingsLabelTableViewCell.swift; sourceTree = "<group>"; };
		D775CDD01C6D0921006A3F29 /* SettingsSwitchTableViewCell.swift */ = {isa = PBXFileReference; fileEncoding = 4; lastKnownFileType = sourcecode.swift; path = SettingsSwitchTableViewCell.swift; sourceTree = "<group>"; };
		D775CDD21C6D0E4D006A3F29 /* SettingsHeaderTableViewCell.swift */ = {isa = PBXFileReference; fileEncoding = 4; lastKnownFileType = sourcecode.swift; path = SettingsHeaderTableViewCell.swift; sourceTree = "<group>"; };
		D775CDD61C6D3D00006A3F29 /* SettingsFooterTableViewCell.swift */ = {isa = PBXFileReference; fileEncoding = 4; lastKnownFileType = sourcecode.swift; path = SettingsFooterTableViewCell.swift; sourceTree = "<group>"; };
		D775CDD81C6D4AAC006A3F29 /* SettingsEditViewController.swift */ = {isa = PBXFileReference; fileEncoding = 4; lastKnownFileType = sourcecode.swift; path = SettingsEditViewController.swift; sourceTree = "<group>"; };
		D775CDDA1C6D4ABA006A3F29 /* SettingsTextViewController.swift */ = {isa = PBXFileReference; fileEncoding = 4; lastKnownFileType = sourcecode.swift; path = SettingsTextViewController.swift; sourceTree = "<group>"; };
		D775CDDC1C6D4AC7006A3F29 /* SettingsEditTableViewController.swift */ = {isa = PBXFileReference; fileEncoding = 4; lastKnownFileType = sourcecode.swift; path = SettingsEditTableViewController.swift; sourceTree = "<group>"; };
		D78594931C7BF141000972FB /* SignupSceneOneViewController.swift */ = {isa = PBXFileReference; fileEncoding = 4; lastKnownFileType = sourcecode.swift; path = SignupSceneOneViewController.swift; sourceTree = "<group>"; };
		D78594951C7BF164000972FB /* SignupSceneOneTableViewController.swift */ = {isa = PBXFileReference; fileEncoding = 4; lastKnownFileType = sourcecode.swift; path = SignupSceneOneTableViewController.swift; sourceTree = "<group>"; };
		D786D1BF1C7D57F70034EA81 /* SignupSceneTwoViewController.swift */ = {isa = PBXFileReference; fileEncoding = 4; lastKnownFileType = sourcecode.swift; path = SignupSceneTwoViewController.swift; sourceTree = "<group>"; };
		D786D1C11C7D580D0034EA81 /* SignupSceneTwoTableViewController.swift */ = {isa = PBXFileReference; fileEncoding = 4; lastKnownFileType = sourcecode.swift; path = SignupSceneTwoTableViewController.swift; sourceTree = "<group>"; };
		D7A8AC031C4D9469008D9A90 /* PopoverTableViewCell.swift */ = {isa = PBXFileReference; fileEncoding = 4; lastKnownFileType = sourcecode.swift; path = PopoverTableViewCell.swift; sourceTree = "<group>"; };
		D7A8AC071C4D9626008D9A90 /* PopoverViewController.swift */ = {isa = PBXFileReference; fileEncoding = 4; lastKnownFileType = sourcecode.swift; path = PopoverViewController.swift; sourceTree = "<group>"; };
		D7A8AC091C4DB600008D9A90 /* TierIIITableViewController.swift */ = {isa = PBXFileReference; fileEncoding = 4; lastKnownFileType = sourcecode.swift; path = TierIIITableViewController.swift; sourceTree = "<group>"; };
		D7B616831C62D7C3002CF1DE /* TabViewController.swift */ = {isa = PBXFileReference; fileEncoding = 4; lastKnownFileType = sourcecode.swift; path = TabViewController.swift; sourceTree = "<group>"; };
		D7B616851C62D7DB002CF1DE /* TabTableViewController.swift */ = {isa = PBXFileReference; fileEncoding = 4; lastKnownFileType = sourcecode.swift; path = TabTableViewController.swift; sourceTree = "<group>"; };
		D7B616871C62DCE0002CF1DE /* TabLineItemTableViewCell.swift */ = {isa = PBXFileReference; fileEncoding = 4; lastKnownFileType = sourcecode.swift; path = TabLineItemTableViewCell.swift; sourceTree = "<group>"; };
		D7B616891C62DCEF002CF1DE /* TabTotalTableViewCell.swift */ = {isa = PBXFileReference; fileEncoding = 4; lastKnownFileType = sourcecode.swift; path = TabTotalTableViewCell.swift; sourceTree = "<group>"; };
		D7B6168B1C62DCFA002CF1DE /* TabActionTableViewCell.swift */ = {isa = PBXFileReference; fileEncoding = 4; lastKnownFileType = sourcecode.swift; path = TabActionTableViewCell.swift; sourceTree = "<group>"; };
		D7B6168E1C62E340002CF1DE /* Base */ = {isa = PBXFileReference; lastKnownFileType = file.storyboard; name = Base; path = Base.lproj/Main.storyboard; sourceTree = "<group>"; };
		D7C1E0301C5A920E00143C48 /* Fontfabric - Nexa Rust Script L 00.otf */ = {isa = PBXFileReference; lastKnownFileType = file; path = "Fontfabric - Nexa Rust Script L 00.otf"; sourceTree = "<group>"; };
		D7C1E0331C5A950000143C48 /* secondary-logomark-03_rgb_600_600.png */ = {isa = PBXFileReference; lastKnownFileType = image.png; path = "secondary-logomark-03_rgb_600_600.png"; sourceTree = "<group>"; };
		D7C1E0351C5A951300143C48 /* primary-logomark-02_rgb_600_600.png */ = {isa = PBXFileReference; lastKnownFileType = image.png; path = "primary-logomark-02_rgb_600_600.png"; sourceTree = "<group>"; };
		D7C1E0361C5A951300143C48 /* primary-logomark-front-04_rgb_600_600.png */ = {isa = PBXFileReference; lastKnownFileType = image.png; path = "primary-logomark-front-04_rgb_600_600.png"; sourceTree = "<group>"; };
		D7C1E0391C5A952000143C48 /* primary-logotype-05_rgb_600_600.png */ = {isa = PBXFileReference; lastKnownFileType = image.png; path = "primary-logotype-05_rgb_600_600.png"; sourceTree = "<group>"; };
		D7C1E03B1C5A958100143C48 /* Typographic-deconstructed_rgb_600_120.png */ = {isa = PBXFileReference; lastKnownFileType = image.png; path = "Typographic-deconstructed_rgb_600_120.png"; sourceTree = "<group>"; };
		D7C1E03D1C5A960600143C48 /* secondary-logomark-white_rgb_600_600.png */ = {isa = PBXFileReference; lastKnownFileType = image.png; path = "secondary-logomark-white_rgb_600_600.png"; sourceTree = "<group>"; };
		D7C1E03F1C5AB75100143C48 /* OpenSans-Regular.ttf */ = {isa = PBXFileReference; lastKnownFileType = file; path = "OpenSans-Regular.ttf"; sourceTree = "<group>"; };
		D7C1E0401C5AB76E00143C48 /* BebasNeue Regular.otf */ = {isa = PBXFileReference; lastKnownFileType = file; path = "BebasNeue Regular.otf"; sourceTree = "<group>"; };
		D7C1E0431C5AE3F000143C48 /* TabManager.swift */ = {isa = PBXFileReference; fileEncoding = 4; lastKnownFileType = sourcecode.swift; path = TabManager.swift; sourceTree = "<group>"; };
		D7C448C21C641C0400CD12F8 /* TabHeaderTableViewCell.swift */ = {isa = PBXFileReference; fileEncoding = 4; lastKnownFileType = sourcecode.swift; path = TabHeaderTableViewCell.swift; sourceTree = "<group>"; };
		D7D809941C7BCE1D00A3F5E6 /* SignupStoryboard.storyboard */ = {isa = PBXFileReference; fileEncoding = 4; lastKnownFileType = file.storyboard; path = SignupStoryboard.storyboard; sourceTree = "<group>"; };
		D7D809961C7BCE5000A3F5E6 /* LandingViewController.swift */ = {isa = PBXFileReference; fileEncoding = 4; lastKnownFileType = sourcecode.swift; path = LandingViewController.swift; sourceTree = "<group>"; };
		D7D809991C7BCF3F00A3F5E6 /* AlertManager.swift */ = {isa = PBXFileReference; fileEncoding = 4; lastKnownFileType = sourcecode.swift; path = AlertManager.swift; sourceTree = "<group>"; };
		D7D8099B1C7BCF6300A3F5E6 /* ActivityManager.swift */ = {isa = PBXFileReference; fileEncoding = 4; lastKnownFileType = sourcecode.swift; path = ActivityManager.swift; sourceTree = "<group>"; };
		D7D8099D1C7BCFBA00A3F5E6 /* AccountManager.swift */ = {isa = PBXFileReference; fileEncoding = 4; lastKnownFileType = sourcecode.swift; path = AccountManager.swift; sourceTree = "<group>"; };
		D7D8099F1C7BDD9300A3F5E6 /* TiersStoryboard.storyboard */ = {isa = PBXFileReference; fileEncoding = 4; lastKnownFileType = file.storyboard; path = TiersStoryboard.storyboard; sourceTree = "<group>"; };
		D7E803941C56E140003C12D9 /* PopoverDetailsTableViewCell.swift */ = {isa = PBXFileReference; fileEncoding = 4; lastKnownFileType = sourcecode.swift; path = PopoverDetailsTableViewCell.swift; sourceTree = "<group>"; };
		D7E803961C56E152003C12D9 /* PopoverMGTableViewCell.swift */ = {isa = PBXFileReference; fileEncoding = 4; lastKnownFileType = sourcecode.swift; path = PopoverMGTableViewCell.swift; sourceTree = "<group>"; };
		D7E803981C56E169003C12D9 /* PopoverQuantityTableViewCell.swift */ = {isa = PBXFileReference; fileEncoding = 4; lastKnownFileType = sourcecode.swift; path = PopoverQuantityTableViewCell.swift; sourceTree = "<group>"; };
		D7E8039A1C56E17B003C12D9 /* PopoverActionTableViewCell.swift */ = {isa = PBXFileReference; fileEncoding = 4; lastKnownFileType = sourcecode.swift; path = PopoverActionTableViewCell.swift; sourceTree = "<group>"; };
		D7F9810F1C44612800200639 /* ENSideMenuControllerViewController.swift */ = {isa = PBXFileReference; fileEncoding = 4; lastKnownFileType = sourcecode.swift; path = ENSideMenuControllerViewController.swift; sourceTree = "<group>"; };
		D7F981111C4461A300200639 /* ENSideMenuNavigationController.swift */ = {isa = PBXFileReference; fileEncoding = 4; lastKnownFileType = sourcecode.swift; path = ENSideMenuNavigationController.swift; sourceTree = "<group>"; };
		D7F981131C4461FD00200639 /* MenuTableViewController.swift */ = {isa = PBXFileReference; fileEncoding = 4; lastKnownFileType = sourcecode.swift; path = MenuTableViewController.swift; sourceTree = "<group>"; };
		D7FACCFA1C46F1EF0006F6BE /* TierIVCollectionViewController.swift */ = {isa = PBXFileReference; fileEncoding = 4; lastKnownFileType = sourcecode.swift; path = TierIVCollectionViewController.swift; sourceTree = "<group>"; };
		D7FC44B31C7E9F06003482B9 /* PaymentStoryboard.storyboard */ = {isa = PBXFileReference; fileEncoding = 4; lastKnownFileType = file.storyboard; path = PaymentStoryboard.storyboard; sourceTree = "<group>"; };
		D7FC44B61C7EA162003482B9 /* TabStoryboard.storyboard */ = {isa = PBXFileReference; fileEncoding = 4; lastKnownFileType = file.storyboard; path = TabStoryboard.storyboard; sourceTree = "<group>"; };
		D7FFF7AD1C3AFB0600020D9A /* TastingRoomDelMar.app */ = {isa = PBXFileReference; explicitFileType = wrapper.application; includeInIndex = 0; path = TastingRoomDelMar.app; sourceTree = BUILT_PRODUCTS_DIR; };
		D7FFF7B01C3AFB0600020D9A /* AppDelegate.swift */ = {isa = PBXFileReference; lastKnownFileType = sourcecode.swift; path = AppDelegate.swift; sourceTree = "<group>"; };
		D7FFF7B71C3AFB0600020D9A /* Assets.xcassets */ = {isa = PBXFileReference; lastKnownFileType = folder.assetcatalog; path = Assets.xcassets; sourceTree = "<group>"; };
		D7FFF7BA1C3AFB0600020D9A /* Base */ = {isa = PBXFileReference; lastKnownFileType = file.storyboard; name = Base; path = Base.lproj/LaunchScreen.storyboard; sourceTree = "<group>"; };
		D7FFF7BC1C3AFB0600020D9A /* Info.plist */ = {isa = PBXFileReference; lastKnownFileType = text.plist.xml; path = Info.plist; sourceTree = "<group>"; };
		D7FFF7C11C3AFB0600020D9A /* TastingRoomDelMarTests.xctest */ = {isa = PBXFileReference; explicitFileType = wrapper.cfbundle; includeInIndex = 0; path = TastingRoomDelMarTests.xctest; sourceTree = BUILT_PRODUCTS_DIR; };
		D7FFF7C51C3AFB0600020D9A /* TastingRoomDelMarTests.swift */ = {isa = PBXFileReference; lastKnownFileType = sourcecode.swift; path = TastingRoomDelMarTests.swift; sourceTree = "<group>"; };
		D7FFF7C71C3AFB0600020D9A /* Info.plist */ = {isa = PBXFileReference; lastKnownFileType = text.plist.xml; path = Info.plist; sourceTree = "<group>"; };
		D7FFF7CC1C3AFB0600020D9A /* TastingRoomDelMarUITests.xctest */ = {isa = PBXFileReference; explicitFileType = wrapper.cfbundle; includeInIndex = 0; path = TastingRoomDelMarUITests.xctest; sourceTree = BUILT_PRODUCTS_DIR; };
		D7FFF7D01C3AFB0600020D9A /* TastingRoomDelMarUITests.swift */ = {isa = PBXFileReference; lastKnownFileType = sourcecode.swift; path = TastingRoomDelMarUITests.swift; sourceTree = "<group>"; };
		D7FFF7D21C3AFB0600020D9A /* Info.plist */ = {isa = PBXFileReference; lastKnownFileType = text.plist.xml; path = Info.plist; sourceTree = "<group>"; };
/* End PBXFileReference section */

/* Begin PBXFrameworksBuildPhase section */
		D7FFF7AA1C3AFB0600020D9A /* Frameworks */ = {
			isa = PBXFrameworksBuildPhase;
			buildActionMask = 2147483647;
			files = (
				BB65EBD50F601E4F26BD8CFC /* Pods_TastingRoomDelMar.framework in Frameworks */,
			);
			runOnlyForDeploymentPostprocessing = 0;
		};
		D7FFF7BE1C3AFB0600020D9A /* Frameworks */ = {
			isa = PBXFrameworksBuildPhase;
			buildActionMask = 2147483647;
			files = (
			);
			runOnlyForDeploymentPostprocessing = 0;
		};
		D7FFF7C91C3AFB0600020D9A /* Frameworks */ = {
			isa = PBXFrameworksBuildPhase;
			buildActionMask = 2147483647;
			files = (
			);
			runOnlyForDeploymentPostprocessing = 0;
		};
/* End PBXFrameworksBuildPhase section */

/* Begin PBXGroup section */
		33F0AF0FDEDF0E0B9CE77BF8 /* Frameworks */ = {
			isa = PBXGroup;
			children = (
				258E486804D393986620D744 /* Pods_TastingRoomDelMar.framework */,
			);
			name = Frameworks;
			sourceTree = "<group>";
		};
		D72093428157F04460BFB565 /* Pods */ = {
			isa = PBXGroup;
			children = (
				D53F1940B0ECFC354F949DF6 /* Pods-TastingRoomDelMar.debug.xcconfig */,
				04B86A7B2DE721FB50D137DB /* Pods-TastingRoomDelMar.release.xcconfig */,
			);
			name = Pods;
			sourceTree = "<group>";
		};
		D73398DC1C8A5F3400CD4B48 /* Playgrounds */ = {
			isa = PBXGroup;
			children = (
				D73398DD1C8A5F5100CD4B48 /* MyPlayground.playground */,
			);
			name = Playgrounds;
			sourceTree = "<group>";
		};
		D765FD361C7E60D400F68389 /* TRDM - Settings */ = {
			isa = PBXGroup;
			children = (
				D765FD371C7E60F400F68389 /* SettingsStoryboard.storyboard */,
				D77013901C6C20C900CEB886 /* SettingsTableViewController.swift */,
				D775CDD21C6D0E4D006A3F29 /* SettingsHeaderTableViewCell.swift */,
				D775CDCE1C6D0917006A3F29 /* SettingsLabelTableViewCell.swift */,
				D775CDD01C6D0921006A3F29 /* SettingsSwitchTableViewCell.swift */,
				D775CDD61C6D3D00006A3F29 /* SettingsFooterTableViewCell.swift */,
				D775CDD81C6D4AAC006A3F29 /* SettingsEditViewController.swift */,
				D775CDDC1C6D4AC7006A3F29 /* SettingsEditTableViewController.swift */,
				D775CDDA1C6D4ABA006A3F29 /* SettingsTextViewController.swift */,
			);
			name = "TRDM - Settings";
			sourceTree = "<group>";
		};
		D7C1E0311C5A928F00143C48 /* Resources */ = {
			isa = PBXGroup;
			children = (
				D7C1E0301C5A920E00143C48 /* Fontfabric - Nexa Rust Script L 00.otf */,
				D7C1E03F1C5AB75100143C48 /* OpenSans-Regular.ttf */,
				D7C1E0401C5AB76E00143C48 /* BebasNeue Regular.otf */,
				D7C1E0351C5A951300143C48 /* primary-logomark-02_rgb_600_600.png */,
				D736DADB1C72D70C00751307 /* secondary-logomark-03_rgb.eps */,
				D7C1E0361C5A951300143C48 /* primary-logomark-front-04_rgb_600_600.png */,
				D7C1E0391C5A952000143C48 /* primary-logotype-05_rgb_600_600.png */,
				D7C1E0331C5A950000143C48 /* secondary-logomark-03_rgb_600_600.png */,
				D7C1E03D1C5A960600143C48 /* secondary-logomark-white_rgb_600_600.png */,
				D7C1E03B1C5A958100143C48 /* Typographic-deconstructed_rgb_600_120.png */,
			);
			name = Resources;
			sourceTree = "<group>";
		};
		D7D809921C7BCDAC00A3F5E6 /* TRDM - Signup */ = {
			isa = PBXGroup;
			children = (
				D7D8099D1C7BCFBA00A3F5E6 /* AccountManager.swift */,
				D7D809941C7BCE1D00A3F5E6 /* SignupStoryboard.storyboard */,
				D7D809961C7BCE5000A3F5E6 /* LandingViewController.swift */,
				D78594931C7BF141000972FB /* SignupSceneOneViewController.swift */,
				D78594951C7BF164000972FB /* SignupSceneOneTableViewController.swift */,
				D786D1BF1C7D57F70034EA81 /* SignupSceneTwoViewController.swift */,
				D786D1C11C7D580D0034EA81 /* SignupSceneTwoTableViewController.swift */,
			);
			name = "TRDM - Signup";
			sourceTree = "<group>";
		};
		D7D809931C7BCDD900A3F5E6 /* TRDM - Tiers */ = {
			isa = PBXGroup;
			children = (
				D7D8099F1C7BDD9300A3F5E6 /* TiersStoryboard.storyboard */,
			);
			name = "TRDM - Tiers";
			sourceTree = "<group>";
		};
		D7D809981C7BCEDE00A3F5E6 /* Common */ = {
			isa = PBXGroup;
			children = (
				D7D809991C7BCF3F00A3F5E6 /* AlertManager.swift */,
				D7D8099B1C7BCF6300A3F5E6 /* ActivityManager.swift */,
				D7498AB11C7F1A8C0086B7BD /* AnimationManager.swift */,
				D7C1E0431C5AE3F000143C48 /* TabManager.swift */,
				D733D4651C69598F00682A84 /* CardManager.swift */,
				D75AA4271C6062D200D5139B /* Structures.swift */,
			);
			name = Common;
			sourceTree = "<group>";
		};
		D7F9810E1C4460AD00200639 /* Library */ = {
			isa = PBXGroup;
			children = (
				D7F9810F1C44612800200639 /* ENSideMenuControllerViewController.swift */,
				D7F981111C4461A300200639 /* ENSideMenuNavigationController.swift */,
			);
			name = Library;
			sourceTree = "<group>";
		};
		D7FC44B21C7E9E9D003482B9 /* TRDM - Payment */ = {
			isa = PBXGroup;
			children = (
				D7FC44B31C7E9F06003482B9 /* PaymentStoryboard.storyboard */,
				D733D45D1C69528500682A84 /* PaymentViewController.swift */,
				D733D4631C69555700682A84 /* PaymentTableViewController.swift */,
				D733D45F1C69533A00682A84 /* PaymentCardTableViewCell.swift */,
				D733D4611C69534400682A84 /* PaymentAddCardTableViewCell.swift */,
				D733D4671C69746C00682A84 /* PaymentAddViewController.swift */,
			);
			name = "TRDM - Payment";
			sourceTree = "<group>";
		};
		D7FC44B51C7EA13D003482B9 /* TRDM - Tab */ = {
			isa = PBXGroup;
			children = (
				D7FC44B61C7EA162003482B9 /* TabStoryboard.storyboard */,
				D7B616831C62D7C3002CF1DE /* TabViewController.swift */,
				D7B616851C62D7DB002CF1DE /* TabTableViewController.swift */,
				D7C448C21C641C0400CD12F8 /* TabHeaderTableViewCell.swift */,
				D7B616871C62DCE0002CF1DE /* TabLineItemTableViewCell.swift */,
				D73620411C651BE800DD7F71 /* TabLineItemServingCollectionViewCell.swift */,
				D736203F1C65143400DD7F71 /* TabLineItemCollectionViewCell.swift */,
				D7B616891C62DCEF002CF1DE /* TabTotalTableViewCell.swift */,
				D7B6168B1C62DCFA002CF1DE /* TabActionTableViewCell.swift */,
				D736DADC1C73906800751307 /* TableNumberViewController.swift */,
				D736DADE1C73907A00751307 /* AddGratuityViewController.swift */,
				D736DAE01C73DACE00751307 /* AddGratuityCollectionViewCell.swift */,
			);
			name = "TRDM - Tab";
			sourceTree = "<group>";
		};
		D7FFF7A41C3AFB0600020D9A = {
			isa = PBXGroup;
			children = (
				D7FFF7AF1C3AFB0600020D9A /* TastingRoomDelMar */,
				D7FFF7C41C3AFB0600020D9A /* TastingRoomDelMarTests */,
				D7FFF7CF1C3AFB0600020D9A /* TastingRoomDelMarUITests */,
				D7FFF7AE1C3AFB0600020D9A /* Products */,
				D72093428157F04460BFB565 /* Pods */,
				33F0AF0FDEDF0E0B9CE77BF8 /* Frameworks */,
			);
			sourceTree = "<group>";
		};
		D7FFF7AE1C3AFB0600020D9A /* Products */ = {
			isa = PBXGroup;
			children = (
				D7FFF7AD1C3AFB0600020D9A /* TastingRoomDelMar.app */,
				D7FFF7C11C3AFB0600020D9A /* TastingRoomDelMarTests.xctest */,
				D7FFF7CC1C3AFB0600020D9A /* TastingRoomDelMarUITests.xctest */,
			);
			name = Products;
			sourceTree = "<group>";
		};
		D7FFF7AF1C3AFB0600020D9A /* TastingRoomDelMar */ = {
			isa = PBXGroup;
			children = (
				D73398DC1C8A5F3400CD4B48 /* Playgrounds */,
				D7C1E0311C5A928F00143C48 /* Resources */,
				D7F9810E1C4460AD00200639 /* Library */,
				D7D809981C7BCEDE00A3F5E6 /* Common */,
				D7D809921C7BCDAC00A3F5E6 /* TRDM - Signup */,
				D7D809931C7BCDD900A3F5E6 /* TRDM - Tiers */,
				D765FD361C7E60D400F68389 /* TRDM - Settings */,
				D7FC44B21C7E9E9D003482B9 /* TRDM - Payment */,
				D7FC44B51C7EA13D003482B9 /* TRDM - Tab */,
				D7FFF7B01C3AFB0600020D9A /* AppDelegate.swift */,
				D7F981131C4461FD00200639 /* MenuTableViewController.swift */,
				D7B6168D1C62E340002CF1DE /* Main.storyboard */,
				D719A62F1C3F26D500987525 /* TierNavigationController.swift */,
				D7734AF41C45C1D9009286DD /* TierITableViewController.swift */,
				D7734AF61C45D4B3009286DD /* TierIITableViewController.swift */,
				D7A8AC091C4DB600008D9A90 /* TierIIITableViewController.swift */,
				D7734AFC1C45D87F009286DD /* TierIVViewController.swift */,
				D7FACCFA1C46F1EF0006F6BE /* TierIVCollectionViewController.swift */,
				D729AB821C471FF90021A66E /* TierIVCollectionViewCell.swift */,
				D729AB841C4736570021A66E /* TierIVTableViewController.swift */,
				D75ABF1D1C48306A00435CF1 /* TierIVTableViewCell.swift */,
				D7A8AC071C4D9626008D9A90 /* PopoverViewController.swift */,
				D7A8AC031C4D9469008D9A90 /* PopoverTableViewCell.swift */,
				D7E803941C56E140003C12D9 /* PopoverDetailsTableViewCell.swift */,
				D7E803961C56E152003C12D9 /* PopoverMGTableViewCell.swift */,
				D74B1C491C583260008F5A36 /* PopoverMGCollectionViewCell.swift */,
				D7E803981C56E169003C12D9 /* PopoverQuantityTableViewCell.swift */,
				D74B1C4B1C5832E6008F5A36 /* PopoverQuantityCollectionViewCell.swift */,
				D7E8039A1C56E17B003C12D9 /* PopoverActionTableViewCell.swift */,
				D74B1C4D1C58339E008F5A36 /* PopoverActionCollectionViewCell.swift */,
				D72B2A4D1C49728C0090875F /* RawPopoverViewController.swift */,
				D7FFF7B71C3AFB0600020D9A /* Assets.xcassets */,
				D7FFF7B91C3AFB0600020D9A /* LaunchScreen.storyboard */,
				D7FFF7BC1C3AFB0600020D9A /* Info.plist */,
			);
			path = TastingRoomDelMar;
			sourceTree = "<group>";
		};
		D7FFF7C41C3AFB0600020D9A /* TastingRoomDelMarTests */ = {
			isa = PBXGroup;
			children = (
				D7FFF7C51C3AFB0600020D9A /* TastingRoomDelMarTests.swift */,
				D7FFF7C71C3AFB0600020D9A /* Info.plist */,
			);
			path = TastingRoomDelMarTests;
			sourceTree = "<group>";
		};
		D7FFF7CF1C3AFB0600020D9A /* TastingRoomDelMarUITests */ = {
			isa = PBXGroup;
			children = (
				D7FFF7D01C3AFB0600020D9A /* TastingRoomDelMarUITests.swift */,
				D7FFF7D21C3AFB0600020D9A /* Info.plist */,
				D73398E11C8A771400CD4B48 /* LandingPageUITests.swift */,
			);
			path = TastingRoomDelMarUITests;
			sourceTree = "<group>";
		};
/* End PBXGroup section */

/* Begin PBXNativeTarget section */
		D7FFF7AC1C3AFB0600020D9A /* TastingRoomDelMar */ = {
			isa = PBXNativeTarget;
			buildConfigurationList = D7FFF7D51C3AFB0600020D9A /* Build configuration list for PBXNativeTarget "TastingRoomDelMar" */;
			buildPhases = (
				271FB9DF5CCFD63745364837 /* Check Pods Manifest.lock */,
				D7FFF7A91C3AFB0600020D9A /* Sources */,
				D7FFF7AA1C3AFB0600020D9A /* Frameworks */,
				D7FFF7AB1C3AFB0600020D9A /* Resources */,
				250AE2A8641DBF7804BBEDCB /* Embed Pods Frameworks */,
				5261BCB4BE84312680FA958A /* Copy Pods Resources */,
			);
			buildRules = (
			);
			dependencies = (
			);
			name = TastingRoomDelMar;
			productName = TastingRoomDelMar;
			productReference = D7FFF7AD1C3AFB0600020D9A /* TastingRoomDelMar.app */;
			productType = "com.apple.product-type.application";
		};
		D7FFF7C01C3AFB0600020D9A /* TastingRoomDelMarTests */ = {
			isa = PBXNativeTarget;
			buildConfigurationList = D7FFF7D81C3AFB0600020D9A /* Build configuration list for PBXNativeTarget "TastingRoomDelMarTests" */;
			buildPhases = (
				D7FFF7BD1C3AFB0600020D9A /* Sources */,
				D7FFF7BE1C3AFB0600020D9A /* Frameworks */,
				D7FFF7BF1C3AFB0600020D9A /* Resources */,
			);
			buildRules = (
			);
			dependencies = (
				D7FFF7C31C3AFB0600020D9A /* PBXTargetDependency */,
			);
			name = TastingRoomDelMarTests;
			productName = TastingRoomDelMarTests;
			productReference = D7FFF7C11C3AFB0600020D9A /* TastingRoomDelMarTests.xctest */;
			productType = "com.apple.product-type.bundle.unit-test";
		};
		D7FFF7CB1C3AFB0600020D9A /* TastingRoomDelMarUITests */ = {
			isa = PBXNativeTarget;
			buildConfigurationList = D7FFF7DB1C3AFB0600020D9A /* Build configuration list for PBXNativeTarget "TastingRoomDelMarUITests" */;
			buildPhases = (
				D7FFF7C81C3AFB0600020D9A /* Sources */,
				D7FFF7C91C3AFB0600020D9A /* Frameworks */,
				D7FFF7CA1C3AFB0600020D9A /* Resources */,
			);
			buildRules = (
			);
			dependencies = (
				D7FFF7CE1C3AFB0600020D9A /* PBXTargetDependency */,
			);
			name = TastingRoomDelMarUITests;
			productName = TastingRoomDelMarUITests;
			productReference = D7FFF7CC1C3AFB0600020D9A /* TastingRoomDelMarUITests.xctest */;
			productType = "com.apple.product-type.bundle.ui-testing";
		};
/* End PBXNativeTarget section */

/* Begin PBXProject section */
		D7FFF7A51C3AFB0600020D9A /* Project object */ = {
			isa = PBXProject;
			attributes = {
				LastSwiftUpdateCheck = 0720;
				LastUpgradeCheck = 0720;
				ORGANIZATIONNAME = "Taylor 5, LLC";
				TargetAttributes = {
					D7FFF7AC1C3AFB0600020D9A = {
						CreatedOnToolsVersion = 7.2;
						DevelopmentTeam = 48ZXFZ2D47;
						SystemCapabilities = {
							com.apple.BackgroundModes = {
								enabled = 1;
							};
							com.apple.Push = {
								enabled = 1;
							};
						};
					};
					D7FFF7C01C3AFB0600020D9A = {
						CreatedOnToolsVersion = 7.2;
						TestTargetID = D7FFF7AC1C3AFB0600020D9A;
					};
					D7FFF7CB1C3AFB0600020D9A = {
						CreatedOnToolsVersion = 7.2;
						TestTargetID = D7FFF7AC1C3AFB0600020D9A;
					};
				};
			};
			buildConfigurationList = D7FFF7A81C3AFB0600020D9A /* Build configuration list for PBXProject "TastingRoomDelMar" */;
			compatibilityVersion = "Xcode 3.2";
			developmentRegion = English;
			hasScannedForEncodings = 0;
			knownRegions = (
				en,
				Base,
			);
			mainGroup = D7FFF7A41C3AFB0600020D9A;
			productRefGroup = D7FFF7AE1C3AFB0600020D9A /* Products */;
			projectDirPath = "";
			projectRoot = "";
			targets = (
				D7FFF7AC1C3AFB0600020D9A /* TastingRoomDelMar */,
				D7FFF7C01C3AFB0600020D9A /* TastingRoomDelMarTests */,
				D7FFF7CB1C3AFB0600020D9A /* TastingRoomDelMarUITests */,
			);
		};
/* End PBXProject section */

/* Begin PBXResourcesBuildPhase section */
		D7FFF7AB1C3AFB0600020D9A /* Resources */ = {
			isa = PBXResourcesBuildPhase;
			buildActionMask = 2147483647;
			files = (
				D765FD381C7E60F400F68389 /* SettingsStoryboard.storyboard in Resources */,
				D7FC44B71C7EA162003482B9 /* TabStoryboard.storyboard in Resources */,
				D7C1E03A1C5A952000143C48 /* primary-logotype-05_rgb_600_600.png in Resources */,
				D7C1E03C1C5A958100143C48 /* Typographic-deconstructed_rgb_600_120.png in Resources */,
				D7C1E0341C5A950000143C48 /* secondary-logomark-03_rgb_600_600.png in Resources */,
				D7B6168F1C62E340002CF1DE /* Main.storyboard in Resources */,
				D7C1E0381C5A951300143C48 /* primary-logomark-front-04_rgb_600_600.png in Resources */,
				D7D809951C7BCE1D00A3F5E6 /* SignupStoryboard.storyboard in Resources */,
				D7C1E03E1C5A960600143C48 /* secondary-logomark-white_rgb_600_600.png in Resources */,
				D7C1E0371C5A951300143C48 /* primary-logomark-02_rgb_600_600.png in Resources */,
				D7FFF7BB1C3AFB0600020D9A /* LaunchScreen.storyboard in Resources */,
				D7FC44B41C7E9F06003482B9 /* PaymentStoryboard.storyboard in Resources */,
				D7FFF7B81C3AFB0600020D9A /* Assets.xcassets in Resources */,
				D7C1E0321C5A92B300143C48 /* Fontfabric - Nexa Rust Script L 00.otf in Resources */,
				D7C1E0411C5AB86800143C48 /* OpenSans-Regular.ttf in Resources */,
				D7C1E0421C5AB86E00143C48 /* BebasNeue Regular.otf in Resources */,
				D7D809A01C7BDD9300A3F5E6 /* TiersStoryboard.storyboard in Resources */,
			);
			runOnlyForDeploymentPostprocessing = 0;
		};
		D7FFF7BF1C3AFB0600020D9A /* Resources */ = {
			isa = PBXResourcesBuildPhase;
			buildActionMask = 2147483647;
			files = (
			);
			runOnlyForDeploymentPostprocessing = 0;
		};
		D7FFF7CA1C3AFB0600020D9A /* Resources */ = {
			isa = PBXResourcesBuildPhase;
			buildActionMask = 2147483647;
			files = (
			);
			runOnlyForDeploymentPostprocessing = 0;
		};
/* End PBXResourcesBuildPhase section */

/* Begin PBXShellScriptBuildPhase section */
		250AE2A8641DBF7804BBEDCB /* Embed Pods Frameworks */ = {
			isa = PBXShellScriptBuildPhase;
			buildActionMask = 2147483647;
			files = (
			);
			inputPaths = (
			);
			name = "Embed Pods Frameworks";
			outputPaths = (
			);
			runOnlyForDeploymentPostprocessing = 0;
			shellPath = /bin/sh;
			shellScript = "\"${SRCROOT}/Pods/Target Support Files/Pods-TastingRoomDelMar/Pods-TastingRoomDelMar-frameworks.sh\"\n";
			showEnvVarsInLog = 0;
		};
		271FB9DF5CCFD63745364837 /* Check Pods Manifest.lock */ = {
			isa = PBXShellScriptBuildPhase;
			buildActionMask = 2147483647;
			files = (
			);
			inputPaths = (
			);
			name = "Check Pods Manifest.lock";
			outputPaths = (
			);
			runOnlyForDeploymentPostprocessing = 0;
			shellPath = /bin/sh;
			shellScript = "diff \"${PODS_ROOT}/../Podfile.lock\" \"${PODS_ROOT}/Manifest.lock\" > /dev/null\nif [[ $? != 0 ]] ; then\n    cat << EOM\nerror: The sandbox is not in sync with the Podfile.lock. Run 'pod install' or update your CocoaPods installation.\nEOM\n    exit 1\nfi\n";
			showEnvVarsInLog = 0;
		};
		5261BCB4BE84312680FA958A /* Copy Pods Resources */ = {
			isa = PBXShellScriptBuildPhase;
			buildActionMask = 2147483647;
			files = (
			);
			inputPaths = (
			);
			name = "Copy Pods Resources";
			outputPaths = (
			);
			runOnlyForDeploymentPostprocessing = 0;
			shellPath = /bin/sh;
			shellScript = "\"${SRCROOT}/Pods/Target Support Files/Pods-TastingRoomDelMar/Pods-TastingRoomDelMar-resources.sh\"\n";
			showEnvVarsInLog = 0;
		};
/* End PBXShellScriptBuildPhase section */

/* Begin PBXSourcesBuildPhase section */
		D7FFF7A91C3AFB0600020D9A /* Sources */ = {
			isa = PBXSourcesBuildPhase;
			buildActionMask = 2147483647;
			files = (
				D7E803991C56E169003C12D9 /* PopoverQuantityTableViewCell.swift in Sources */,
				D7734AF71C45D4B3009286DD /* TierIITableViewController.swift in Sources */,
				D733D4601C69533A00682A84 /* PaymentCardTableViewCell.swift in Sources */,
				D74B1C4C1C5832E6008F5A36 /* PopoverQuantityCollectionViewCell.swift in Sources */,
				D75AA4281C6062D200D5139B /* Structures.swift in Sources */,
				D719A6301C3F26D500987525 /* TierNavigationController.swift in Sources */,
				D7A8AC041C4D9469008D9A90 /* PopoverTableViewCell.swift in Sources */,
				D7B616861C62D7DB002CF1DE /* TabTableViewController.swift in Sources */,
				D7E803951C56E140003C12D9 /* PopoverDetailsTableViewCell.swift in Sources */,
				D733D45E1C69528500682A84 /* PaymentViewController.swift in Sources */,
				D729AB851C4736570021A66E /* TierIVTableViewController.swift in Sources */,
				D7D8099A1C7BCF3F00A3F5E6 /* AlertManager.swift in Sources */,
				D7C1E0441C5AE3F000143C48 /* TabManager.swift in Sources */,
				D7D8099E1C7BCFBA00A3F5E6 /* AccountManager.swift in Sources */,
				D729AB831C471FF90021A66E /* TierIVCollectionViewCell.swift in Sources */,
				D73620421C651BE800DD7F71 /* TabLineItemServingCollectionViewCell.swift in Sources */,
				D7F981141C4461FD00200639 /* MenuTableViewController.swift in Sources */,
				D7D809971C7BCE5000A3F5E6 /* LandingViewController.swift in Sources */,
				D7734AFD1C45D87F009286DD /* TierIVViewController.swift in Sources */,
				D78594941C7BF141000972FB /* SignupSceneOneViewController.swift in Sources */,
				D7F981101C44612800200639 /* ENSideMenuControllerViewController.swift in Sources */,
				D736DADD1C73906800751307 /* TableNumberViewController.swift in Sources */,
				D775CDD91C6D4AAC006A3F29 /* SettingsEditViewController.swift in Sources */,
				D7E803971C56E152003C12D9 /* PopoverMGTableViewCell.swift in Sources */,
				D733D4661C69598F00682A84 /* CardManager.swift in Sources */,
				D7D8099C1C7BCF6300A3F5E6 /* ActivityManager.swift in Sources */,
				D775CDD71C6D3D00006A3F29 /* SettingsFooterTableViewCell.swift in Sources */,
				D75ABF1E1C48306A00435CF1 /* TierIVTableViewCell.swift in Sources */,
				D736DAE11C73DACE00751307 /* AddGratuityCollectionViewCell.swift in Sources */,
				D74B1C4A1C583260008F5A36 /* PopoverMGCollectionViewCell.swift in Sources */,
				D7F981121C4461A300200639 /* ENSideMenuNavigationController.swift in Sources */,
				D7B6168A1C62DCEF002CF1DE /* TabTotalTableViewCell.swift in Sources */,
				D733D4641C69555700682A84 /* PaymentTableViewController.swift in Sources */,
				D7734AF51C45C1D9009286DD /* TierITableViewController.swift in Sources */,
				D7A8AC0A1C4DB600008D9A90 /* TierIIITableViewController.swift in Sources */,
				D72B2A4E1C49728C0090875F /* RawPopoverViewController.swift in Sources */,
				D786D1C01C7D57F70034EA81 /* SignupSceneTwoViewController.swift in Sources */,
				D775CDD11C6D0921006A3F29 /* SettingsSwitchTableViewCell.swift in Sources */,
				D78594961C7BF164000972FB /* SignupSceneOneTableViewController.swift in Sources */,
				D7B616881C62DCE0002CF1DE /* TabLineItemTableViewCell.swift in Sources */,
				D775CDCF1C6D0917006A3F29 /* SettingsLabelTableViewCell.swift in Sources */,
				D74B1C4E1C58339E008F5A36 /* PopoverActionCollectionViewCell.swift in Sources */,
				D7C448C31C641C0400CD12F8 /* TabHeaderTableViewCell.swift in Sources */,
				D775CDDD1C6D4AC7006A3F29 /* SettingsEditTableViewController.swift in Sources */,
				D733D4621C69534400682A84 /* PaymentAddCardTableViewCell.swift in Sources */,
				D775CDD31C6D0E4D006A3F29 /* SettingsHeaderTableViewCell.swift in Sources */,
				D73620401C65143400DD7F71 /* TabLineItemCollectionViewCell.swift in Sources */,
				D77013911C6C20C900CEB886 /* SettingsTableViewController.swift in Sources */,
				D7A8AC081C4D9626008D9A90 /* PopoverViewController.swift in Sources */,
				D7B616841C62D7C3002CF1DE /* TabViewController.swift in Sources */,
				D7498AB21C7F1A8C0086B7BD /* AnimationManager.swift in Sources */,
				D7B6168C1C62DCFA002CF1DE /* TabActionTableViewCell.swift in Sources */,
				D7FACCFB1C46F1EF0006F6BE /* TierIVCollectionViewController.swift in Sources */,
				D786D1C21C7D580D0034EA81 /* SignupSceneTwoTableViewController.swift in Sources */,
				D7E8039B1C56E17B003C12D9 /* PopoverActionTableViewCell.swift in Sources */,
				D733D4681C69746C00682A84 /* PaymentAddViewController.swift in Sources */,
				D775CDDB1C6D4ABA006A3F29 /* SettingsTextViewController.swift in Sources */,
				D7FFF7B11C3AFB0600020D9A /* AppDelegate.swift in Sources */,
				D736DADF1C73907A00751307 /* AddGratuityViewController.swift in Sources */,
			);
			runOnlyForDeploymentPostprocessing = 0;
		};
		D7FFF7BD1C3AFB0600020D9A /* Sources */ = {
			isa = PBXSourcesBuildPhase;
			buildActionMask = 2147483647;
			files = (
				D7FFF7C61C3AFB0600020D9A /* TastingRoomDelMarTests.swift in Sources */,
			);
			runOnlyForDeploymentPostprocessing = 0;
		};
		D7FFF7C81C3AFB0600020D9A /* Sources */ = {
			isa = PBXSourcesBuildPhase;
			buildActionMask = 2147483647;
			files = (
				D73398E21C8A771400CD4B48 /* LandingPageUITests.swift in Sources */,
				D7FFF7D11C3AFB0600020D9A /* TastingRoomDelMarUITests.swift in Sources */,
			);
			runOnlyForDeploymentPostprocessing = 0;
		};
/* End PBXSourcesBuildPhase section */

/* Begin PBXTargetDependency section */
		D7FFF7C31C3AFB0600020D9A /* PBXTargetDependency */ = {
			isa = PBXTargetDependency;
			target = D7FFF7AC1C3AFB0600020D9A /* TastingRoomDelMar */;
			targetProxy = D7FFF7C21C3AFB0600020D9A /* PBXContainerItemProxy */;
		};
		D7FFF7CE1C3AFB0600020D9A /* PBXTargetDependency */ = {
			isa = PBXTargetDependency;
			target = D7FFF7AC1C3AFB0600020D9A /* TastingRoomDelMar */;
			targetProxy = D7FFF7CD1C3AFB0600020D9A /* PBXContainerItemProxy */;
		};
/* End PBXTargetDependency section */

/* Begin PBXVariantGroup section */
		D7B6168D1C62E340002CF1DE /* Main.storyboard */ = {
			isa = PBXVariantGroup;
			children = (
				D7B6168E1C62E340002CF1DE /* Base */,
			);
			name = Main.storyboard;
			sourceTree = "<group>";
		};
		D7FFF7B91C3AFB0600020D9A /* LaunchScreen.storyboard */ = {
			isa = PBXVariantGroup;
			children = (
				D7FFF7BA1C3AFB0600020D9A /* Base */,
			);
			name = LaunchScreen.storyboard;
			sourceTree = "<group>";
		};
/* End PBXVariantGroup section */

/* Begin XCBuildConfiguration section */
		D7FFF7D31C3AFB0600020D9A /* Debug */ = {
			isa = XCBuildConfiguration;
			buildSettings = {
				ALWAYS_SEARCH_USER_PATHS = NO;
				CLANG_CXX_LANGUAGE_STANDARD = "gnu++0x";
				CLANG_CXX_LIBRARY = "libc++";
				CLANG_ENABLE_MODULES = YES;
				CLANG_ENABLE_OBJC_ARC = YES;
				CLANG_WARN_BOOL_CONVERSION = YES;
				CLANG_WARN_CONSTANT_CONVERSION = YES;
				CLANG_WARN_DIRECT_OBJC_ISA_USAGE = YES_ERROR;
				CLANG_WARN_EMPTY_BODY = YES;
				CLANG_WARN_ENUM_CONVERSION = YES;
				CLANG_WARN_INT_CONVERSION = YES;
				CLANG_WARN_OBJC_ROOT_CLASS = YES_ERROR;
				CLANG_WARN_UNREACHABLE_CODE = YES;
				CLANG_WARN__DUPLICATE_METHOD_MATCH = YES;
				"CODE_SIGN_IDENTITY[sdk=iphoneos*]" = "iPhone Developer";
				COPY_PHASE_STRIP = NO;
				DEBUG_INFORMATION_FORMAT = dwarf;
				ENABLE_STRICT_OBJC_MSGSEND = YES;
				ENABLE_TESTABILITY = YES;
				GCC_C_LANGUAGE_STANDARD = gnu99;
				GCC_DYNAMIC_NO_PIC = NO;
				GCC_NO_COMMON_BLOCKS = YES;
				GCC_OPTIMIZATION_LEVEL = 0;
				GCC_PREPROCESSOR_DEFINITIONS = (
					"DEBUG=1",
					"$(inherited)",
				);
				GCC_WARN_64_TO_32_BIT_CONVERSION = YES;
				GCC_WARN_ABOUT_RETURN_TYPE = YES_ERROR;
				GCC_WARN_UNDECLARED_SELECTOR = YES;
				GCC_WARN_UNINITIALIZED_AUTOS = YES_AGGRESSIVE;
				GCC_WARN_UNUSED_FUNCTION = YES;
				GCC_WARN_UNUSED_VARIABLE = YES;
				IPHONEOS_DEPLOYMENT_TARGET = 9.2;
				MTL_ENABLE_DEBUG_INFO = YES;
				ONLY_ACTIVE_ARCH = YES;
				SDKROOT = iphoneos;
				SWIFT_OPTIMIZATION_LEVEL = "-Onone";
			};
			name = Debug;
		};
		D7FFF7D41C3AFB0600020D9A /* Release */ = {
			isa = XCBuildConfiguration;
			buildSettings = {
				ALWAYS_SEARCH_USER_PATHS = NO;
				CLANG_CXX_LANGUAGE_STANDARD = "gnu++0x";
				CLANG_CXX_LIBRARY = "libc++";
				CLANG_ENABLE_MODULES = YES;
				CLANG_ENABLE_OBJC_ARC = YES;
				CLANG_WARN_BOOL_CONVERSION = YES;
				CLANG_WARN_CONSTANT_CONVERSION = YES;
				CLANG_WARN_DIRECT_OBJC_ISA_USAGE = YES_ERROR;
				CLANG_WARN_EMPTY_BODY = YES;
				CLANG_WARN_ENUM_CONVERSION = YES;
				CLANG_WARN_INT_CONVERSION = YES;
				CLANG_WARN_OBJC_ROOT_CLASS = YES_ERROR;
				CLANG_WARN_UNREACHABLE_CODE = YES;
				CLANG_WARN__DUPLICATE_METHOD_MATCH = YES;
				"CODE_SIGN_IDENTITY[sdk=iphoneos*]" = "iPhone Developer";
				COPY_PHASE_STRIP = NO;
				DEBUG_INFORMATION_FORMAT = "dwarf-with-dsym";
				ENABLE_NS_ASSERTIONS = NO;
				ENABLE_STRICT_OBJC_MSGSEND = YES;
				GCC_C_LANGUAGE_STANDARD = gnu99;
				GCC_NO_COMMON_BLOCKS = YES;
				GCC_WARN_64_TO_32_BIT_CONVERSION = YES;
				GCC_WARN_ABOUT_RETURN_TYPE = YES_ERROR;
				GCC_WARN_UNDECLARED_SELECTOR = YES;
				GCC_WARN_UNINITIALIZED_AUTOS = YES_AGGRESSIVE;
				GCC_WARN_UNUSED_FUNCTION = YES;
				GCC_WARN_UNUSED_VARIABLE = YES;
				IPHONEOS_DEPLOYMENT_TARGET = 9.2;
				MTL_ENABLE_DEBUG_INFO = NO;
				SDKROOT = iphoneos;
				VALIDATE_PRODUCT = YES;
			};
			name = Release;
		};
		D7FFF7D61C3AFB0600020D9A /* Debug */ = {
			isa = XCBuildConfiguration;
			baseConfigurationReference = D53F1940B0ECFC354F949DF6 /* Pods-TastingRoomDelMar.debug.xcconfig */;
			buildSettings = {
				ASSETCATALOG_COMPILER_APPICON_NAME = AppIcon;
				CODE_SIGN_IDENTITY = "iPhone Developer";
				"CODE_SIGN_IDENTITY[sdk=iphoneos*]" = "iPhone Developer";
				INFOPLIST_FILE = TastingRoomDelMar/Info.plist;
				LD_RUNPATH_SEARCH_PATHS = "$(inherited) @executable_path/Frameworks";
				PRODUCT_BUNDLE_IDENTIFIER = com.tastingroomdelmar.TastingRoomDelMar;
				PRODUCT_NAME = "$(TARGET_NAME)";
				PROVISIONING_PROFILE = "";
			};
			name = Debug;
		};
		D7FFF7D71C3AFB0600020D9A /* Release */ = {
			isa = XCBuildConfiguration;
			baseConfigurationReference = 04B86A7B2DE721FB50D137DB /* Pods-TastingRoomDelMar.release.xcconfig */;
			buildSettings = {
				ASSETCATALOG_COMPILER_APPICON_NAME = AppIcon;
				CODE_SIGN_IDENTITY = "iPhone Developer";
				"CODE_SIGN_IDENTITY[sdk=iphoneos*]" = "iPhone Developer";
				INFOPLIST_FILE = TastingRoomDelMar/Info.plist;
				LD_RUNPATH_SEARCH_PATHS = "$(inherited) @executable_path/Frameworks";
				PRODUCT_BUNDLE_IDENTIFIER = com.tastingroomdelmar.TastingRoomDelMar;
				PRODUCT_NAME = "$(TARGET_NAME)";
				PROVISIONING_PROFILE = "";
			};
			name = Release;
		};
		D7FFF7D91C3AFB0600020D9A /* Debug */ = {
			isa = XCBuildConfiguration;
			buildSettings = {
				BUNDLE_LOADER = "$(TEST_HOST)";
				INFOPLIST_FILE = TastingRoomDelMarTests/Info.plist;
				LD_RUNPATH_SEARCH_PATHS = "$(inherited) @executable_path/Frameworks @loader_path/Frameworks";
				PRODUCT_BUNDLE_IDENTIFIER = com.tastingroomdelmar.TastingRoomDelMarTests;
				PRODUCT_NAME = "$(TARGET_NAME)";
				TEST_HOST = "$(BUILT_PRODUCTS_DIR)/TastingRoomDelMar.app/TastingRoomDelMar";
			};
			name = Debug;
		};
		D7FFF7DA1C3AFB0600020D9A /* Release */ = {
			isa = XCBuildConfiguration;
			buildSettings = {
				BUNDLE_LOADER = "$(TEST_HOST)";
				INFOPLIST_FILE = TastingRoomDelMarTests/Info.plist;
				LD_RUNPATH_SEARCH_PATHS = "$(inherited) @executable_path/Frameworks @loader_path/Frameworks";
				PRODUCT_BUNDLE_IDENTIFIER = com.tastingroomdelmar.TastingRoomDelMarTests;
				PRODUCT_NAME = "$(TARGET_NAME)";
				TEST_HOST = "$(BUILT_PRODUCTS_DIR)/TastingRoomDelMar.app/TastingRoomDelMar";
			};
			name = Release;
		};
		D7FFF7DC1C3AFB0600020D9A /* Debug */ = {
			isa = XCBuildConfiguration;
			buildSettings = {
				INFOPLIST_FILE = TastingRoomDelMarUITests/Info.plist;
				LD_RUNPATH_SEARCH_PATHS = "$(inherited) @executable_path/Frameworks @loader_path/Frameworks";
				PRODUCT_BUNDLE_IDENTIFIER = com.tastingroomdelmar.TastingRoomDelMarUITests;
				PRODUCT_NAME = "$(TARGET_NAME)";
				TEST_TARGET_NAME = TastingRoomDelMar;
				USES_XCTRUNNER = YES;
			};
			name = Debug;
		};
		D7FFF7DD1C3AFB0600020D9A /* Release */ = {
			isa = XCBuildConfiguration;
			buildSettings = {
				INFOPLIST_FILE = TastingRoomDelMarUITests/Info.plist;
				LD_RUNPATH_SEARCH_PATHS = "$(inherited) @executable_path/Frameworks @loader_path/Frameworks";
				PRODUCT_BUNDLE_IDENTIFIER = com.tastingroomdelmar.TastingRoomDelMarUITests;
				PRODUCT_NAME = "$(TARGET_NAME)";
				TEST_TARGET_NAME = TastingRoomDelMar;
				USES_XCTRUNNER = YES;
			};
			name = Release;
		};
/* End XCBuildConfiguration section */

/* Begin XCConfigurationList section */
		D7FFF7A81C3AFB0600020D9A /* Build configuration list for PBXProject "TastingRoomDelMar" */ = {
			isa = XCConfigurationList;
			buildConfigurations = (
				D7FFF7D31C3AFB0600020D9A /* Debug */,
				D7FFF7D41C3AFB0600020D9A /* Release */,
			);
			defaultConfigurationIsVisible = 0;
			defaultConfigurationName = Release;
		};
		D7FFF7D51C3AFB0600020D9A /* Build configuration list for PBXNativeTarget "TastingRoomDelMar" */ = {
			isa = XCConfigurationList;
			buildConfigurations = (
				D7FFF7D61C3AFB0600020D9A /* Debug */,
				D7FFF7D71C3AFB0600020D9A /* Release */,
			);
			defaultConfigurationIsVisible = 0;
			defaultConfigurationName = Release;
		};
		D7FFF7D81C3AFB0600020D9A /* Build configuration list for PBXNativeTarget "TastingRoomDelMarTests" */ = {
			isa = XCConfigurationList;
			buildConfigurations = (
				D7FFF7D91C3AFB0600020D9A /* Debug */,
				D7FFF7DA1C3AFB0600020D9A /* Release */,
			);
			defaultConfigurationIsVisible = 0;
			defaultConfigurationName = Release;
		};
		D7FFF7DB1C3AFB0600020D9A /* Build configuration list for PBXNativeTarget "TastingRoomDelMarUITests" */ = {
			isa = XCConfigurationList;
			buildConfigurations = (
				D7FFF7DC1C3AFB0600020D9A /* Debug */,
				D7FFF7DD1C3AFB0600020D9A /* Release */,
			);
			defaultConfigurationIsVisible = 0;
			defaultConfigurationName = Release;
		};
/* End XCConfigurationList section */
	};
	rootObject = D7FFF7A51C3AFB0600020D9A /* Project object */;
}
